
Microsoft Visual Studio Solution File, Format Version 12.00
# Visual Studio Version 16
VisualStudioVersion = 16.0.32428.217
MinimumVisualStudioVersion = 10.0.40219.1
Project("{FAE04EC0-301F-11D3-BF4B-00C04F79EFBC}") = "dev_krina", "dev_krina.csproj", "{F8E2A12F-8C89-4AD1-81D3-5FFA86BE599E}"
EndProject
Global
	GlobalSection(SolutionConfigurationPlatforms) = preSolution
		Debug|Any CPU = Debug|Any CPU
		Release|Any CPU = Release|Any CPU
	EndGlobalSection
	GlobalSection(ProjectConfigurationPlatforms) = postSolution
		{F8E2A12F-8C89-4AD1-81D3-5FFA86BE599E}.Debug|Any CPU.ActiveCfg = Debug|Any CPU
		{F8E2A12F-8C89-4AD1-81D3-5FFA86BE599E}.Debug|Any CPU.Build.0 = Debug|Any CPU
		{F8E2A12F-8C89-4AD1-81D3-5FFA86BE599E}.Release|Any CPU.ActiveCfg = Release|Any CPU
		{F8E2A12F-8C89-4AD1-81D3-5FFA86BE599E}.Release|Any CPU.Build.0 = Release|Any CPU
	EndGlobalSection
	GlobalSection(SolutionProperties) = preSolution
		HideSolutionNode = FALSE
	EndGlobalSection
	GlobalSection(ExtensibilityGlobals) = postSolution
		SolutionGuid = {6DD6550B-648F-4328-894F-83FCA4B475A5}
	EndGlobalSection
EndGlobal
